
Microsoft Visual Studio Solution File, Format Version 12.00
# Visual Studio Version 17
VisualStudioVersion = 17.7.34031.279
MinimumVisualStudioVersion = 10.0.40219.1
Project("{9A19103F-16F7-4668-BE54-9A1E7A4F7556}") = "Prytkov_Vadim_kt-42-20_Lab_3", "Prytkov_Vadim_kt-42-20_Lab_3\Prytkov_Vadim_kt-42-20_Lab_3.csproj", "{C5A4C16D-AFB3-4F57-9A22-2DBB9F602C34}"
EndProject
Project("{FAE04EC0-301F-11D3-BF4B-00C04F79EFBC}") = "Prytkov_Vadim_kt-42-20_lab_3_Tests", "Prytkov_Vadim_kt-42-20_lab_3.Tests\Prytkov_Vadim_kt-42-20_lab_3_Tests.csproj", "{2FB8389B-6A30-4F4C-8645-9BD66BC9C142}"
EndProject
Global
	GlobalSection(SolutionConfigurationPlatforms) = preSolution
		Debug|Any CPU = Debug|Any CPU
		Release|Any CPU = Release|Any CPU
	EndGlobalSection
	GlobalSection(ProjectConfigurationPlatforms) = postSolution
		{C5A4C16D-AFB3-4F57-9A22-2DBB9F602C34}.Debug|Any CPU.ActiveCfg = Debug|Any CPU
		{C5A4C16D-AFB3-4F57-9A22-2DBB9F602C34}.Debug|Any CPU.Build.0 = Debug|Any CPU
		{C5A4C16D-AFB3-4F57-9A22-2DBB9F602C34}.Release|Any CPU.ActiveCfg = Release|Any CPU
		{C5A4C16D-AFB3-4F57-9A22-2DBB9F602C34}.Release|Any CPU.Build.0 = Release|Any CPU
		{2FB8389B-6A30-4F4C-8645-9BD66BC9C142}.Debug|Any CPU.ActiveCfg = Debug|Any CPU
		{2FB8389B-6A30-4F4C-8645-9BD66BC9C142}.Debug|Any CPU.Build.0 = Debug|Any CPU
		{2FB8389B-6A30-4F4C-8645-9BD66BC9C142}.Release|Any CPU.ActiveCfg = Release|Any CPU
		{2FB8389B-6A30-4F4C-8645-9BD66BC9C142}.Release|Any CPU.Build.0 = Release|Any CPU
	EndGlobalSection
	GlobalSection(SolutionProperties) = preSolution
		HideSolutionNode = FALSE
	EndGlobalSection
	GlobalSection(ExtensibilityGlobals) = postSolution
		SolutionGuid = {985D9E14-5218-430C-8EA5-AB8295B2D9E0}
	EndGlobalSection
EndGlobal
